
Microsoft Visual Studio Solution File, Format Version 12.00
# Visual Studio Version 17
VisualStudioVersion = 17.9.34622.214
MinimumVisualStudioVersion = 10.0.40219.1
Project("{FAE04EC0-301F-11D3-BF4B-00C04F79EFBC}") = "notepad", "notepad\notepad.csproj", "{0ED4628D-F81E-4907-BDF6-B969E8ECC224}"
EndProject
Global
	GlobalSection(SolutionConfigurationPlatforms) = preSolution
		Debug|Any CPU = Debug|Any CPU
		Release|Any CPU = Release|Any CPU
	EndGlobalSection
	GlobalSection(ProjectConfigurationPlatforms) = postSolution
		{0ED4628D-F81E-4907-BDF6-B969E8ECC224}.Debug|Any CPU.ActiveCfg = Debug|Any CPU
		{0ED4628D-F81E-4907-BDF6-B969E8ECC224}.Debug|Any CPU.Build.0 = Debug|Any CPU
		{0ED4628D-F81E-4907-BDF6-B969E8ECC224}.Release|Any CPU.ActiveCfg = Release|Any CPU
		{0ED4628D-F81E-4907-BDF6-B969E8ECC224}.Release|Any CPU.Build.0 = Release|Any CPU
	EndGlobalSection
	GlobalSection(SolutionProperties) = preSolution
		HideSolutionNode = FALSE
	EndGlobalSection
	GlobalSection(ExtensibilityGlobals) = postSolution
		SolutionGuid = {211532B0-D72D-4AC5-866F-03DF6D92757D}
	EndGlobalSection
EndGlobal
